
Microsoft Visual Studio Solution File, Format Version 12.00
Project("{FAE04EC0-301F-11D3-BF4B-00C04F79EFBC}") = "DMSCrossplatform", "DMSCrossplatform\DMSCrossplatform.csproj", "{9ADB5DE5-A9B2-4EEB-8C94-FA26661042EF}"
EndProject
Project("{FAE04EC0-301F-11D3-BF4B-00C04F79EFBC}") = "DMSCrossplatform.Android", "DMSCrossplatform.Android\DMSCrossplatform.Android.csproj", "{E1F46353-8044-46F6-99B0-0C806C6EB4DD}"
EndProject
Project("{FAE04EC0-301F-11D3-BF4B-00C04F79EFBC}") = "DMSCrossplatform.Desktop", "DMSCrossplatform.Desktop\DMSCrossplatform.Desktop.csproj", "{040AEDF4-705D-4173-8BFD-6259FA7E0ABD}"
EndProject
Global
	GlobalSection(SolutionConfigurationPlatforms) = preSolution
		Debug|Any CPU = Debug|Any CPU
		Release|Any CPU = Release|Any CPU
	EndGlobalSection
	GlobalSection(ProjectConfigurationPlatforms) = postSolution
		{9ADB5DE5-A9B2-4EEB-8C94-FA26661042EF}.Debug|Any CPU.ActiveCfg = Debug|Any CPU
		{9ADB5DE5-A9B2-4EEB-8C94-FA26661042EF}.Debug|Any CPU.Build.0 = Debug|Any CPU
		{9ADB5DE5-A9B2-4EEB-8C94-FA26661042EF}.Release|Any CPU.ActiveCfg = Release|Any CPU
		{9ADB5DE5-A9B2-4EEB-8C94-FA26661042EF}.Release|Any CPU.Build.0 = Release|Any CPU
		{E1F46353-8044-46F6-99B0-0C806C6EB4DD}.Debug|Any CPU.ActiveCfg = Debug|Any CPU
		{E1F46353-8044-46F6-99B0-0C806C6EB4DD}.Debug|Any CPU.Build.0 = Debug|Any CPU
		{E1F46353-8044-46F6-99B0-0C806C6EB4DD}.Debug|Any CPU.Deploy.0 = Debug|Any CPU
		{E1F46353-8044-46F6-99B0-0C806C6EB4DD}.Release|Any CPU.ActiveCfg = Release|Any CPU
		{E1F46353-8044-46F6-99B0-0C806C6EB4DD}.Release|Any CPU.Build.0 = Release|Any CPU
		{E1F46353-8044-46F6-99B0-0C806C6EB4DD}.Release|Any CPU.Deploy.0 = Release|Any CPU
		{040AEDF4-705D-4173-8BFD-6259FA7E0ABD}.Debug|Any CPU.ActiveCfg = Debug|Any CPU
		{040AEDF4-705D-4173-8BFD-6259FA7E0ABD}.Debug|Any CPU.Build.0 = Debug|Any CPU
		{040AEDF4-705D-4173-8BFD-6259FA7E0ABD}.Release|Any CPU.ActiveCfg = Release|Any CPU
		{040AEDF4-705D-4173-8BFD-6259FA7E0ABD}.Release|Any CPU.Build.0 = Release|Any CPU
	EndGlobalSection
EndGlobal
